
Microsoft Visual Studio Solution File, Format Version 12.00
# Visual Studio Version 17
VisualStudioVersion = 17.4.33110.190
MinimumVisualStudioVersion = 10.0.40219.1
Project("{9A19103F-16F7-4668-BE54-9A1E7A4F7556}") = "OrderApp.Server", "Server\OrderApp.Server.csproj", "{C97967FB-E7DD-491F-A91E-C503483F6996}"
EndProject
Project("{9A19103F-16F7-4668-BE54-9A1E7A4F7556}") = "OrderApp.Client", "Client\OrderApp.Client.csproj", "{01126CBE-D27D-4718-A7F4-736FE5EE54BA}"
EndProject
Project("{9A19103F-16F7-4668-BE54-9A1E7A4F7556}") = "OrderApp.Shared", "Shared\OrderApp.Shared.csproj", "{6800D920-E9AE-4375-9750-281A29AC74E4}"
EndProject
Global
	GlobalSection(SolutionConfigurationPlatforms) = preSolution
		Debug|Any CPU = Debug|Any CPU
		Release|Any CPU = Release|Any CPU
	EndGlobalSection
	GlobalSection(ProjectConfigurationPlatforms) = postSolution
		{C97967FB-E7DD-491F-A91E-C503483F6996}.Debug|Any CPU.ActiveCfg = Debug|Any CPU
		{C97967FB-E7DD-491F-A91E-C503483F6996}.Debug|Any CPU.Build.0 = Debug|Any CPU
		{C97967FB-E7DD-491F-A91E-C503483F6996}.Release|Any CPU.ActiveCfg = Release|Any CPU
		{C97967FB-E7DD-491F-A91E-C503483F6996}.Release|Any CPU.Build.0 = Release|Any CPU
		{01126CBE-D27D-4718-A7F4-736FE5EE54BA}.Debug|Any CPU.ActiveCfg = Debug|Any CPU
		{01126CBE-D27D-4718-A7F4-736FE5EE54BA}.Debug|Any CPU.Build.0 = Debug|Any CPU
		{01126CBE-D27D-4718-A7F4-736FE5EE54BA}.Release|Any CPU.ActiveCfg = Release|Any CPU
		{01126CBE-D27D-4718-A7F4-736FE5EE54BA}.Release|Any CPU.Build.0 = Release|Any CPU
		{6800D920-E9AE-4375-9750-281A29AC74E4}.Debug|Any CPU.ActiveCfg = Debug|Any CPU
		{6800D920-E9AE-4375-9750-281A29AC74E4}.Debug|Any CPU.Build.0 = Debug|Any CPU
		{6800D920-E9AE-4375-9750-281A29AC74E4}.Release|Any CPU.ActiveCfg = Release|Any CPU
		{6800D920-E9AE-4375-9750-281A29AC74E4}.Release|Any CPU.Build.0 = Release|Any CPU
	EndGlobalSection
	GlobalSection(SolutionProperties) = preSolution
		HideSolutionNode = FALSE
	EndGlobalSection
	GlobalSection(ExtensibilityGlobals) = postSolution
		SolutionGuid = {72E2F8FA-D334-41F5-82FA-23617E78E8D5}
	EndGlobalSection
EndGlobal
